
Microsoft Visual Studio Solution File, Format Version 12.00
# Visual Studio 15
Project("{FAE04EC0-301F-11D3-BF4B-00C04F79EFBC}") = "AnonymizationLibrary", "AnonymizationLibrary\AnonymizationLibrary.csproj", "{1DD0EBEC-B063-488D-B18A-FEE8B6331CAE}"
EndProject
Global
	GlobalSection(SolutionConfigurationPlatforms) = preSolution
		Debug|Any CPU = Debug|Any CPU
		Release|Any CPU = Release|Any CPU
	EndGlobalSection
	GlobalSection(ProjectConfigurationPlatforms) = postSolution
		{1DD0EBEC-B063-488D-B18A-FEE8B6331CAE}.Debug|Any CPU.ActiveCfg = Debug|Any CPU
		{1DD0EBEC-B063-488D-B18A-FEE8B6331CAE}.Debug|Any CPU.Build.0 = Debug|Any CPU
		{1DD0EBEC-B063-488D-B18A-FEE8B6331CAE}.Release|Any CPU.ActiveCfg = Release|Any CPU
		{1DD0EBEC-B063-488D-B18A-FEE8B6331CAE}.Release|Any CPU.Build.0 = Release|Any CPU
	EndGlobalSection
EndGlobal
